
Microsoft Visual Studio Solution File, Format Version 12.00
# Visual Studio 15
VisualStudioVersion = 15.0.26730.10
MinimumVisualStudioVersion = 10.0.40219.1

Project("{D954291E-2A0B-460D-934E-DC6B0785DB48}") = "GameOfLife.Phone", "GameOfLife.Phone\GameOfLife.Phone\GameOfLife.Phone.shproj", "{9663D8D6-04EB-41EC-AC26-F3E4A95BCACB}"
EndProject




Project("{FAE04EC0-301F-11D3-BF4B-00C04F79EFBC}") = "GameOfLife.Phone.Android", "GameOfLife.Phone\GameOfLife.Phone.Android\GameOfLife.Phone.Android.csproj", "{9B5920B6-227F-403C-9E88-685193744E27}"
EndProject


Global
	GlobalSection(SolutionConfigurationPlatforms) = preSolution
		Ad-Hoc|Any CPU = Ad-Hoc|Any CPU
		Ad-Hoc|ARM = Ad-Hoc|ARM
		Ad-Hoc|iPhone = Ad-Hoc|iPhone
		Ad-Hoc|iPhoneSimulator = Ad-Hoc|iPhoneSimulator
		Ad-Hoc|x64 = Ad-Hoc|x64
		Ad-Hoc|x86 = Ad-Hoc|x86
		AppStore|Any CPU = AppStore|Any CPU
		AppStore|ARM = AppStore|ARM
		AppStore|iPhone = AppStore|iPhone
		AppStore|iPhoneSimulator = AppStore|iPhoneSimulator
		AppStore|x64 = AppStore|x64
		AppStore|x86 = AppStore|x86
		Debug|Any CPU = Debug|Any CPU
		Debug|ARM = Debug|ARM
		Debug|iPhone = Debug|iPhone
		Debug|iPhoneSimulator = Debug|iPhoneSimulator
		Debug|x64 = Debug|x64
		Debug|x86 = Debug|x86
		Release|Any CPU = Release|Any CPU
		Release|ARM = Release|ARM
		Release|iPhone = Release|iPhone
		Release|iPhoneSimulator = Release|iPhoneSimulator
		Release|x64 = Release|x64
		Release|x86 = Release|x86
	EndGlobalSection
	GlobalSection(ProjectConfigurationPlatforms) = postSolution
		{6302F85A-4E81-4A4F-8262-FE9BA904B9C1}.Ad-Hoc|Any CPU.ActiveCfg = Debug|Any CPU
		{6302F85A-4E81-4A4F-8262-FE9BA904B9C1}.Ad-Hoc|Any CPU.Build.0 = Debug|Any CPU
		{6302F85A-4E81-4A4F-8262-FE9BA904B9C1}.Ad-Hoc|ARM.ActiveCfg = Debug|Any CPU
		{6302F85A-4E81-4A4F-8262-FE9BA904B9C1}.Ad-Hoc|ARM.Build.0 = Debug|Any CPU
		{6302F85A-4E81-4A4F-8262-FE9BA904B9C1}.Ad-Hoc|iPhone.ActiveCfg = Debug|Any CPU
		{6302F85A-4E81-4A4F-8262-FE9BA904B9C1}.Ad-Hoc|iPhone.Build.0 = Debug|Any CPU
		{6302F85A-4E81-4A4F-8262-FE9BA904B9C1}.Ad-Hoc|iPhoneSimulator.ActiveCfg = Debug|Any CPU
		{6302F85A-4E81-4A4F-8262-FE9BA904B9C1}.Ad-Hoc|iPhoneSimulator.Build.0 = Debug|Any CPU
		{6302F85A-4E81-4A4F-8262-FE9BA904B9C1}.Ad-Hoc|x64.ActiveCfg = Debug|Any CPU
		{6302F85A-4E81-4A4F-8262-FE9BA904B9C1}.Ad-Hoc|x64.Build.0 = Debug|Any CPU
		{6302F85A-4E81-4A4F-8262-FE9BA904B9C1}.Ad-Hoc|x86.ActiveCfg = Debug|Any CPU
		{6302F85A-4E81-4A4F-8262-FE9BA904B9C1}.Ad-Hoc|x86.Build.0 = Debug|Any CPU
		{6302F85A-4E81-4A4F-8262-FE9BA904B9C1}.AppStore|Any CPU.ActiveCfg = Debug|Any CPU
		{6302F85A-4E81-4A4F-8262-FE9BA904B9C1}.AppStore|Any CPU.Build.0 = Debug|Any CPU
		{6302F85A-4E81-4A4F-8262-FE9BA904B9C1}.AppStore|ARM.ActiveCfg = Debug|Any CPU
		{6302F85A-4E81-4A4F-8262-FE9BA904B9C1}.AppStore|ARM.Build.0 = Debug|Any CPU
		{6302F85A-4E81-4A4F-8262-FE9BA904B9C1}.AppStore|iPhone.ActiveCfg = Debug|Any CPU
		{6302F85A-4E81-4A4F-8262-FE9BA904B9C1}.AppStore|iPhone.Build.0 = Debug|Any CPU
		{6302F85A-4E81-4A4F-8262-FE9BA904B9C1}.AppStore|iPhoneSimulator.ActiveCfg = Debug|Any CPU
		{6302F85A-4E81-4A4F-8262-FE9BA904B9C1}.AppStore|iPhoneSimulator.Build.0 = Debug|Any CPU
		{6302F85A-4E81-4A4F-8262-FE9BA904B9C1}.AppStore|x64.ActiveCfg = Debug|Any CPU
		{6302F85A-4E81-4A4F-8262-FE9BA904B9C1}.AppStore|x64.Build.0 = Debug|Any CPU
		{6302F85A-4E81-4A4F-8262-FE9BA904B9C1}.AppStore|x86.ActiveCfg = Debug|Any CPU
		{6302F85A-4E81-4A4F-8262-FE9BA904B9C1}.AppStore|x86.Build.0 = Debug|Any CPU
		{6302F85A-4E81-4A4F-8262-FE9BA904B9C1}.Debug|Any CPU.ActiveCfg = Debug|Any CPU
		{6302F85A-4E81-4A4F-8262-FE9BA904B9C1}.Debug|Any CPU.Build.0 = Debug|Any CPU
		{6302F85A-4E81-4A4F-8262-FE9BA904B9C1}.Debug|ARM.ActiveCfg = Debug|Any CPU
		{6302F85A-4E81-4A4F-8262-FE9BA904B9C1}.Debug|ARM.Build.0 = Debug|Any CPU
		{6302F85A-4E81-4A4F-8262-FE9BA904B9C1}.Debug|iPhone.ActiveCfg = Debug|Any CPU
		{6302F85A-4E81-4A4F-8262-FE9BA904B9C1}.Debug|iPhone.Build.0 = Debug|Any CPU
		{6302F85A-4E81-4A4F-8262-FE9BA904B9C1}.Debug|iPhoneSimulator.ActiveCfg = Debug|Any CPU
		{6302F85A-4E81-4A4F-8262-FE9BA904B9C1}.Debug|iPhoneSimulator.Build.0 = Debug|Any CPU
		{6302F85A-4E81-4A4F-8262-FE9BA904B9C1}.Debug|x64.ActiveCfg = Debug|Any CPU
		{6302F85A-4E81-4A4F-8262-FE9BA904B9C1}.Debug|x64.Build.0 = Debug|Any CPU
		{6302F85A-4E81-4A4F-8262-FE9BA904B9C1}.Debug|x86.ActiveCfg = Debug|Any CPU
		{6302F85A-4E81-4A4F-8262-FE9BA904B9C1}.Debug|x86.Build.0 = Debug|Any CPU
		{6302F85A-4E81-4A4F-8262-FE9BA904B9C1}.Release|Any CPU.ActiveCfg = Release|Any CPU
		{6302F85A-4E81-4A4F-8262-FE9BA904B9C1}.Release|Any CPU.Build.0 = Release|Any CPU
		{6302F85A-4E81-4A4F-8262-FE9BA904B9C1}.Release|ARM.ActiveCfg = Release|Any CPU
		{6302F85A-4E81-4A4F-8262-FE9BA904B9C1}.Release|ARM.Build.0 = Release|Any CPU
		{6302F85A-4E81-4A4F-8262-FE9BA904B9C1}.Release|iPhone.ActiveCfg = Release|Any CPU
		{6302F85A-4E81-4A4F-8262-FE9BA904B9C1}.Release|iPhone.Build.0 = Release|Any CPU
		{6302F85A-4E81-4A4F-8262-FE9BA904B9C1}.Release|iPhoneSimulator.ActiveCfg = Release|Any CPU
		{6302F85A-4E81-4A4F-8262-FE9BA904B9C1}.Release|iPhoneSimulator.Build.0 = Release|Any CPU
		{6302F85A-4E81-4A4F-8262-FE9BA904B9C1}.Release|x64.ActiveCfg = Release|Any CPU
		{6302F85A-4E81-4A4F-8262-FE9BA904B9C1}.Release|x64.Build.0 = Release|Any CPU
		{6302F85A-4E81-4A4F-8262-FE9BA904B9C1}.Release|x86.ActiveCfg = Release|Any CPU
		{6302F85A-4E81-4A4F-8262-FE9BA904B9C1}.Release|x86.Build.0 = Release|Any CPU
		{72E9436C-D3DB-4282-AA64-89C948F7BE0B}.Ad-Hoc|Any CPU.ActiveCfg = Ad-Hoc|iPhone
		{72E9436C-D3DB-4282-AA64-89C948F7BE0B}.Ad-Hoc|ARM.ActiveCfg = Ad-Hoc|iPhone
		{72E9436C-D3DB-4282-AA64-89C948F7BE0B}.Ad-Hoc|iPhone.ActiveCfg = Ad-Hoc|iPhone
		{72E9436C-D3DB-4282-AA64-89C948F7BE0B}.Ad-Hoc|iPhone.Build.0 = Ad-Hoc|iPhone
		{72E9436C-D3DB-4282-AA64-89C948F7BE0B}.Ad-Hoc|iPhoneSimulator.ActiveCfg = Ad-Hoc|iPhoneSimulator
		{72E9436C-D3DB-4282-AA64-89C948F7BE0B}.Ad-Hoc|iPhoneSimulator.Build.0 = Ad-Hoc|iPhoneSimulator
		{72E9436C-D3DB-4282-AA64-89C948F7BE0B}.Ad-Hoc|x64.ActiveCfg = Ad-Hoc|iPhone
		{72E9436C-D3DB-4282-AA64-89C948F7BE0B}.Ad-Hoc|x86.ActiveCfg = Ad-Hoc|iPhone
		{72E9436C-D3DB-4282-AA64-89C948F7BE0B}.AppStore|Any CPU.ActiveCfg = AppStore|iPhone
		{72E9436C-D3DB-4282-AA64-89C948F7BE0B}.AppStore|ARM.ActiveCfg = AppStore|iPhone
		{72E9436C-D3DB-4282-AA64-89C948F7BE0B}.AppStore|iPhone.ActiveCfg = AppStore|iPhone
		{72E9436C-D3DB-4282-AA64-89C948F7BE0B}.AppStore|iPhone.Build.0 = AppStore|iPhone
		{72E9436C-D3DB-4282-AA64-89C948F7BE0B}.AppStore|iPhoneSimulator.ActiveCfg = AppStore|iPhoneSimulator
		{72E9436C-D3DB-4282-AA64-89C948F7BE0B}.AppStore|iPhoneSimulator.Build.0 = AppStore|iPhoneSimulator
		{72E9436C-D3DB-4282-AA64-89C948F7BE0B}.AppStore|x64.ActiveCfg = AppStore|iPhone
		{72E9436C-D3DB-4282-AA64-89C948F7BE0B}.AppStore|x86.ActiveCfg = AppStore|iPhone
		{72E9436C-D3DB-4282-AA64-89C948F7BE0B}.Debug|Any CPU.ActiveCfg = Debug|iPhone
		{72E9436C-D3DB-4282-AA64-89C948F7BE0B}.Debug|ARM.ActiveCfg = Debug|iPhone
		{72E9436C-D3DB-4282-AA64-89C948F7BE0B}.Debug|iPhone.ActiveCfg = Debug|iPhone
		{72E9436C-D3DB-4282-AA64-89C948F7BE0B}.Debug|iPhone.Build.0 = Debug|iPhone
		{72E9436C-D3DB-4282-AA64-89C948F7BE0B}.Debug|iPhoneSimulator.ActiveCfg = Debug|iPhoneSimulator
		{72E9436C-D3DB-4282-AA64-89C948F7BE0B}.Debug|iPhoneSimulator.Build.0 = Debug|iPhoneSimulator
		{72E9436C-D3DB-4282-AA64-89C948F7BE0B}.Debug|x64.ActiveCfg = Debug|iPhone
		{72E9436C-D3DB-4282-AA64-89C948F7BE0B}.Debug|x86.ActiveCfg = Debug|iPhone
		{72E9436C-D3DB-4282-AA64-89C948F7BE0B}.Release|Any CPU.ActiveCfg = Release|iPhone
		{72E9436C-D3DB-4282-AA64-89C948F7BE0B}.Release|ARM.ActiveCfg = Release|iPhone
		{72E9436C-D3DB-4282-AA64-89C948F7BE0B}.Release|iPhone.ActiveCfg = Release|iPhone
		{72E9436C-D3DB-4282-AA64-89C948F7BE0B}.Release|iPhone.Build.0 = Release|iPhone
		{72E9436C-D3DB-4282-AA64-89C948F7BE0B}.Release|iPhoneSimulator.ActiveCfg = Release|iPhoneSimulator
		{72E9436C-D3DB-4282-AA64-89C948F7BE0B}.Release|iPhoneSimulator.Build.0 = Release|iPhoneSimulator
		{72E9436C-D3DB-4282-AA64-89C948F7BE0B}.Release|x64.ActiveCfg = Release|iPhone
		{72E9436C-D3DB-4282-AA64-89C948F7BE0B}.Release|x86.ActiveCfg = Release|iPhone
		{6FE4F0D3-171B-4E44-9A2E-1E64149D71DF}.Ad-Hoc|Any CPU.ActiveCfg = Release|x86
		{6FE4F0D3-171B-4E44-9A2E-1E64149D71DF}.Ad-Hoc|Any CPU.Build.0 = Release|x86
		{6FE4F0D3-171B-4E44-9A2E-1E64149D71DF}.Ad-Hoc|Any CPU.Deploy.0 = Release|x86
		{6FE4F0D3-171B-4E44-9A2E-1E64149D71DF}.Ad-Hoc|ARM.ActiveCfg = Release|ARM
		{6FE4F0D3-171B-4E44-9A2E-1E64149D71DF}.Ad-Hoc|ARM.Build.0 = Release|ARM
		{6FE4F0D3-171B-4E44-9A2E-1E64149D71DF}.Ad-Hoc|ARM.Deploy.0 = Release|ARM
		{6FE4F0D3-171B-4E44-9A2E-1E64149D71DF}.Ad-Hoc|iPhone.ActiveCfg = Release|x86
		{6FE4F0D3-171B-4E44-9A2E-1E64149D71DF}.Ad-Hoc|iPhone.Build.0 = Release|x86
		{6FE4F0D3-171B-4E44-9A2E-1E64149D71DF}.Ad-Hoc|iPhone.Deploy.0 = Release|x86
		{6FE4F0D3-171B-4E44-9A2E-1E64149D71DF}.Ad-Hoc|iPhoneSimulator.ActiveCfg = Release|x86
		{6FE4F0D3-171B-4E44-9A2E-1E64149D71DF}.Ad-Hoc|iPhoneSimulator.Build.0 = Release|x86
		{6FE4F0D3-171B-4E44-9A2E-1E64149D71DF}.Ad-Hoc|iPhoneSimulator.Deploy.0 = Release|x86
		{6FE4F0D3-171B-4E44-9A2E-1E64149D71DF}.Ad-Hoc|x64.ActiveCfg = Release|x64
		{6FE4F0D3-171B-4E44-9A2E-1E64149D71DF}.Ad-Hoc|x64.Build.0 = Release|x64
		{6FE4F0D3-171B-4E44-9A2E-1E64149D71DF}.Ad-Hoc|x64.Deploy.0 = Release|x64
		{6FE4F0D3-171B-4E44-9A2E-1E64149D71DF}.Ad-Hoc|x86.ActiveCfg = Release|x86
		{6FE4F0D3-171B-4E44-9A2E-1E64149D71DF}.Ad-Hoc|x86.Build.0 = Release|x86
		{6FE4F0D3-171B-4E44-9A2E-1E64149D71DF}.Ad-Hoc|x86.Deploy.0 = Release|x86
		{6FE4F0D3-171B-4E44-9A2E-1E64149D71DF}.AppStore|Any CPU.ActiveCfg = Release|x86
		{6FE4F0D3-171B-4E44-9A2E-1E64149D71DF}.AppStore|Any CPU.Build.0 = Release|x86
		{6FE4F0D3-171B-4E44-9A2E-1E64149D71DF}.AppStore|Any CPU.Deploy.0 = Release|x86
		{6FE4F0D3-171B-4E44-9A2E-1E64149D71DF}.AppStore|ARM.ActiveCfg = Release|ARM
		{6FE4F0D3-171B-4E44-9A2E-1E64149D71DF}.AppStore|ARM.Build.0 = Release|ARM
		{6FE4F0D3-171B-4E44-9A2E-1E64149D71DF}.AppStore|ARM.Deploy.0 = Release|ARM
		{6FE4F0D3-171B-4E44-9A2E-1E64149D71DF}.AppStore|iPhone.ActiveCfg = Release|x86
		{6FE4F0D3-171B-4E44-9A2E-1E64149D71DF}.AppStore|iPhone.Build.0 = Release|x86
		{6FE4F0D3-171B-4E44-9A2E-1E64149D71DF}.AppStore|iPhone.Deploy.0 = Release|x86
		{6FE4F0D3-171B-4E44-9A2E-1E64149D71DF}.AppStore|iPhoneSimulator.ActiveCfg = Release|x86
		{6FE4F0D3-171B-4E44-9A2E-1E64149D71DF}.AppStore|iPhoneSimulator.Build.0 = Release|x86
		{6FE4F0D3-171B-4E44-9A2E-1E64149D71DF}.AppStore|iPhoneSimulator.Deploy.0 = Release|x86
		{6FE4F0D3-171B-4E44-9A2E-1E64149D71DF}.AppStore|x64.ActiveCfg = Release|x64
		{6FE4F0D3-171B-4E44-9A2E-1E64149D71DF}.AppStore|x64.Build.0 = Release|x64
		{6FE4F0D3-171B-4E44-9A2E-1E64149D71DF}.AppStore|x64.Deploy.0 = Release|x64
		{6FE4F0D3-171B-4E44-9A2E-1E64149D71DF}.AppStore|x86.ActiveCfg = Release|x86
		{6FE4F0D3-171B-4E44-9A2E-1E64149D71DF}.AppStore|x86.Build.0 = Release|x86
		{6FE4F0D3-171B-4E44-9A2E-1E64149D71DF}.AppStore|x86.Deploy.0 = Release|x86
		{6FE4F0D3-171B-4E44-9A2E-1E64149D71DF}.Debug|Any CPU.ActiveCfg = Debug|x86
		{6FE4F0D3-171B-4E44-9A2E-1E64149D71DF}.Debug|ARM.ActiveCfg = Debug|ARM
		{6FE4F0D3-171B-4E44-9A2E-1E64149D71DF}.Debug|ARM.Build.0 = Debug|ARM
		{6FE4F0D3-171B-4E44-9A2E-1E64149D71DF}.Debug|ARM.Deploy.0 = Debug|ARM
		{6FE4F0D3-171B-4E44-9A2E-1E64149D71DF}.Debug|iPhone.ActiveCfg = Debug|x86
		{6FE4F0D3-171B-4E44-9A2E-1E64149D71DF}.Debug|iPhoneSimulator.ActiveCfg = Debug|x86
		{6FE4F0D3-171B-4E44-9A2E-1E64149D71DF}.Debug|x64.ActiveCfg = Debug|x64
		{6FE4F0D3-171B-4E44-9A2E-1E64149D71DF}.Debug|x64.Build.0 = Debug|x64
		{6FE4F0D3-171B-4E44-9A2E-1E64149D71DF}.Debug|x64.Deploy.0 = Debug|x64
		{6FE4F0D3-171B-4E44-9A2E-1E64149D71DF}.Debug|x86.ActiveCfg = Debug|x86
		{6FE4F0D3-171B-4E44-9A2E-1E64149D71DF}.Debug|x86.Build.0 = Debug|x86
		{6FE4F0D3-171B-4E44-9A2E-1E64149D71DF}.Debug|x86.Deploy.0 = Debug|x86
		{6FE4F0D3-171B-4E44-9A2E-1E64149D71DF}.Release|Any CPU.ActiveCfg = Release|x86
		{6FE4F0D3-171B-4E44-9A2E-1E64149D71DF}.Release|ARM.ActiveCfg = Release|ARM
		{6FE4F0D3-171B-4E44-9A2E-1E64149D71DF}.Release|ARM.Build.0 = Release|ARM
		{6FE4F0D3-171B-4E44-9A2E-1E64149D71DF}.Release|ARM.Deploy.0 = Release|ARM
		{6FE4F0D3-171B-4E44-9A2E-1E64149D71DF}.Release|iPhone.ActiveCfg = Release|x86
		{6FE4F0D3-171B-4E44-9A2E-1E64149D71DF}.Release|iPhoneSimulator.ActiveCfg = Release|x86
		{6FE4F0D3-171B-4E44-9A2E-1E64149D71DF}.Release|x64.ActiveCfg = Release|x64
		{6FE4F0D3-171B-4E44-9A2E-1E64149D71DF}.Release|x64.Build.0 = Release|x64
		{6FE4F0D3-171B-4E44-9A2E-1E64149D71DF}.Release|x64.Deploy.0 = Release|x64
		{6FE4F0D3-171B-4E44-9A2E-1E64149D71DF}.Release|x86.ActiveCfg = Release|x86
		{6FE4F0D3-171B-4E44-9A2E-1E64149D71DF}.Release|x86.Build.0 = Release|x86
		{6FE4F0D3-171B-4E44-9A2E-1E64149D71DF}.Release|x86.Deploy.0 = Release|x86
		{20FDA6ED-B68E-4610-807B-F358668F181E}.Ad-Hoc|Any CPU.ActiveCfg = Release|Any CPU
		{20FDA6ED-B68E-4610-807B-F358668F181E}.Ad-Hoc|Any CPU.Build.0 = Release|Any CPU
		{20FDA6ED-B68E-4610-807B-F358668F181E}.Ad-Hoc|Any CPU.Deploy.0 = Release|Any CPU
		{20FDA6ED-B68E-4610-807B-F358668F181E}.Ad-Hoc|ARM.ActiveCfg = Release|Any CPU
		{20FDA6ED-B68E-4610-807B-F358668F181E}.Ad-Hoc|ARM.Build.0 = Release|Any CPU
		{20FDA6ED-B68E-4610-807B-F358668F181E}.Ad-Hoc|ARM.Deploy.0 = Release|Any CPU
		{20FDA6ED-B68E-4610-807B-F358668F181E}.Ad-Hoc|iPhone.ActiveCfg = Release|Any CPU
		{20FDA6ED-B68E-4610-807B-F358668F181E}.Ad-Hoc|iPhone.Build.0 = Release|Any CPU
		{20FDA6ED-B68E-4610-807B-F358668F181E}.Ad-Hoc|iPhone.Deploy.0 = Release|Any CPU
		{20FDA6ED-B68E-4610-807B-F358668F181E}.Ad-Hoc|iPhoneSimulator.ActiveCfg = Release|Any CPU
		{20FDA6ED-B68E-4610-807B-F358668F181E}.Ad-Hoc|iPhoneSimulator.Build.0 = Release|Any CPU
		{20FDA6ED-B68E-4610-807B-F358668F181E}.Ad-Hoc|iPhoneSimulator.Deploy.0 = Release|Any CPU
		{20FDA6ED-B68E-4610-807B-F358668F181E}.Ad-Hoc|x64.ActiveCfg = Release|Any CPU
		{20FDA6ED-B68E-4610-807B-F358668F181E}.Ad-Hoc|x64.Build.0 = Release|Any CPU
		{20FDA6ED-B68E-4610-807B-F358668F181E}.Ad-Hoc|x64.Deploy.0 = Release|Any CPU
		{20FDA6ED-B68E-4610-807B-F358668F181E}.Ad-Hoc|x86.ActiveCfg = Release|Any CPU
		{20FDA6ED-B68E-4610-807B-F358668F181E}.Ad-Hoc|x86.Build.0 = Release|Any CPU
		{20FDA6ED-B68E-4610-807B-F358668F181E}.Ad-Hoc|x86.Deploy.0 = Release|Any CPU
		{20FDA6ED-B68E-4610-807B-F358668F181E}.AppStore|Any CPU.ActiveCfg = Release|Any CPU
		{20FDA6ED-B68E-4610-807B-F358668F181E}.AppStore|Any CPU.Build.0 = Release|Any CPU
		{20FDA6ED-B68E-4610-807B-F358668F181E}.AppStore|Any CPU.Deploy.0 = Release|Any CPU
		{20FDA6ED-B68E-4610-807B-F358668F181E}.AppStore|ARM.ActiveCfg = Release|Any CPU
		{20FDA6ED-B68E-4610-807B-F358668F181E}.AppStore|ARM.Build.0 = Release|Any CPU
		{20FDA6ED-B68E-4610-807B-F358668F181E}.AppStore|ARM.Deploy.0 = Release|Any CPU
		{20FDA6ED-B68E-4610-807B-F358668F181E}.AppStore|iPhone.ActiveCfg = Release|Any CPU
		{20FDA6ED-B68E-4610-807B-F358668F181E}.AppStore|iPhone.Build.0 = Release|Any CPU
		{20FDA6ED-B68E-4610-807B-F358668F181E}.AppStore|iPhone.Deploy.0 = Release|Any CPU
		{20FDA6ED-B68E-4610-807B-F358668F181E}.AppStore|iPhoneSimulator.ActiveCfg = Release|Any CPU
		{20FDA6ED-B68E-4610-807B-F358668F181E}.AppStore|iPhoneSimulator.Build.0 = Release|Any CPU
		{20FDA6ED-B68E-4610-807B-F358668F181E}.AppStore|iPhoneSimulator.Deploy.0 = Release|Any CPU
		{20FDA6ED-B68E-4610-807B-F358668F181E}.AppStore|x64.ActiveCfg = Release|Any CPU
		{20FDA6ED-B68E-4610-807B-F358668F181E}.AppStore|x64.Build.0 = Release|Any CPU
		{20FDA6ED-B68E-4610-807B-F358668F181E}.AppStore|x64.Deploy.0 = Release|Any CPU
		{20FDA6ED-B68E-4610-807B-F358668F181E}.AppStore|x86.ActiveCfg = Release|Any CPU
		{20FDA6ED-B68E-4610-807B-F358668F181E}.AppStore|x86.Build.0 = Release|Any CPU
		{20FDA6ED-B68E-4610-807B-F358668F181E}.AppStore|x86.Deploy.0 = Release|Any CPU
		{20FDA6ED-B68E-4610-807B-F358668F181E}.Debug|Any CPU.ActiveCfg = Debug|Any CPU
		{20FDA6ED-B68E-4610-807B-F358668F181E}.Debug|Any CPU.Build.0 = Debug|Any CPU
		{20FDA6ED-B68E-4610-807B-F358668F181E}.Debug|Any CPU.Deploy.0 = Debug|Any CPU
		{20FDA6ED-B68E-4610-807B-F358668F181E}.Debug|ARM.ActiveCfg = Debug|Any CPU
		{20FDA6ED-B68E-4610-807B-F358668F181E}.Debug|ARM.Build.0 = Debug|Any CPU
		{20FDA6ED-B68E-4610-807B-F358668F181E}.Debug|ARM.Deploy.0 = Debug|Any CPU
		{20FDA6ED-B68E-4610-807B-F358668F181E}.Debug|iPhone.ActiveCfg = Debug|Any CPU
		{20FDA6ED-B68E-4610-807B-F358668F181E}.Debug|iPhone.Build.0 = Debug|Any CPU
		{20FDA6ED-B68E-4610-807B-F358668F181E}.Debug|iPhone.Deploy.0 = Debug|Any CPU
		{20FDA6ED-B68E-4610-807B-F358668F181E}.Debug|iPhoneSimulator.ActiveCfg = Debug|Any CPU
		{20FDA6ED-B68E-4610-807B-F358668F181E}.Debug|iPhoneSimulator.Build.0 = Debug|Any CPU
		{20FDA6ED-B68E-4610-807B-F358668F181E}.Debug|iPhoneSimulator.Deploy.0 = Debug|Any CPU
		{20FDA6ED-B68E-4610-807B-F358668F181E}.Debug|x64.ActiveCfg = Debug|Any CPU
		{20FDA6ED-B68E-4610-807B-F358668F181E}.Debug|x64.Build.0 = Debug|Any CPU
		{20FDA6ED-B68E-4610-807B-F358668F181E}.Debug|x64.Deploy.0 = Debug|Any CPU
		{20FDA6ED-B68E-4610-807B-F358668F181E}.Debug|x86.ActiveCfg = Debug|Any CPU
		{20FDA6ED-B68E-4610-807B-F358668F181E}.Debug|x86.Build.0 = Debug|Any CPU
		{20FDA6ED-B68E-4610-807B-F358668F181E}.Debug|x86.Deploy.0 = Debug|Any CPU
		{20FDA6ED-B68E-4610-807B-F358668F181E}.Release|Any CPU.ActiveCfg = Release|Any CPU
		{20FDA6ED-B68E-4610-807B-F358668F181E}.Release|Any CPU.Build.0 = Release|Any CPU
		{20FDA6ED-B68E-4610-807B-F358668F181E}.Release|Any CPU.Deploy.0 = Release|Any CPU
		{20FDA6ED-B68E-4610-807B-F358668F181E}.Release|ARM.ActiveCfg = Release|Any CPU
		{20FDA6ED-B68E-4610-807B-F358668F181E}.Release|ARM.Build.0 = Release|Any CPU
		{20FDA6ED-B68E-4610-807B-F358668F181E}.Release|ARM.Deploy.0 = Release|Any CPU
		{20FDA6ED-B68E-4610-807B-F358668F181E}.Release|iPhone.ActiveCfg = Release|Any CPU
		{20FDA6ED-B68E-4610-807B-F358668F181E}.Release|iPhone.Build.0 = Release|Any CPU
		{20FDA6ED-B68E-4610-807B-F358668F181E}.Release|iPhone.Deploy.0 = Release|Any CPU
		{20FDA6ED-B68E-4610-807B-F358668F181E}.Release|iPhoneSimulator.ActiveCfg = Release|Any CPU
		{20FDA6ED-B68E-4610-807B-F358668F181E}.Release|iPhoneSimulator.Build.0 = Release|Any CPU
		{20FDA6ED-B68E-4610-807B-F358668F181E}.Release|iPhoneSimulator.Deploy.0 = Release|Any CPU
		{20FDA6ED-B68E-4610-807B-F358668F181E}.Release|x64.ActiveCfg = Release|Any CPU
		{20FDA6ED-B68E-4610-807B-F358668F181E}.Release|x64.Build.0 = Release|Any CPU
		{20FDA6ED-B68E-4610-807B-F358668F181E}.Release|x64.Deploy.0 = Release|Any CPU
		{20FDA6ED-B68E-4610-807B-F358668F181E}.Release|x86.ActiveCfg = Release|Any CPU
		{20FDA6ED-B68E-4610-807B-F358668F181E}.Release|x86.Build.0 = Release|Any CPU
		{20FDA6ED-B68E-4610-807B-F358668F181E}.Release|x86.Deploy.0 = Release|Any CPU
		{B445DF73-AC9E-4276-9FBA-7CB5AD5D2518}.Ad-Hoc|Any CPU.ActiveCfg = Release|Any CPU
		{B445DF73-AC9E-4276-9FBA-7CB5AD5D2518}.Ad-Hoc|Any CPU.Build.0 = Release|Any CPU
		{B445DF73-AC9E-4276-9FBA-7CB5AD5D2518}.Ad-Hoc|ARM.ActiveCfg = Release|Any CPU
		{B445DF73-AC9E-4276-9FBA-7CB5AD5D2518}.Ad-Hoc|ARM.Build.0 = Release|Any CPU
		{B445DF73-AC9E-4276-9FBA-7CB5AD5D2518}.Ad-Hoc|iPhone.ActiveCfg = Release|Any CPU
		{B445DF73-AC9E-4276-9FBA-7CB5AD5D2518}.Ad-Hoc|iPhone.Build.0 = Release|Any CPU
		{B445DF73-AC9E-4276-9FBA-7CB5AD5D2518}.Ad-Hoc|iPhoneSimulator.ActiveCfg = Release|Any CPU
		{B445DF73-AC9E-4276-9FBA-7CB5AD5D2518}.Ad-Hoc|iPhoneSimulator.Build.0 = Release|Any CPU
		{B445DF73-AC9E-4276-9FBA-7CB5AD5D2518}.Ad-Hoc|x64.ActiveCfg = Release|Any CPU
		{B445DF73-AC9E-4276-9FBA-7CB5AD5D2518}.Ad-Hoc|x64.Build.0 = Release|Any CPU
		{B445DF73-AC9E-4276-9FBA-7CB5AD5D2518}.Ad-Hoc|x86.ActiveCfg = Release|Any CPU
		{B445DF73-AC9E-4276-9FBA-7CB5AD5D2518}.Ad-Hoc|x86.Build.0 = Release|Any CPU
		{B445DF73-AC9E-4276-9FBA-7CB5AD5D2518}.AppStore|Any CPU.ActiveCfg = Release|Any CPU
		{B445DF73-AC9E-4276-9FBA-7CB5AD5D2518}.AppStore|Any CPU.Build.0 = Release|Any CPU
		{B445DF73-AC9E-4276-9FBA-7CB5AD5D2518}.AppStore|ARM.ActiveCfg = Release|Any CPU
		{B445DF73-AC9E-4276-9FBA-7CB5AD5D2518}.AppStore|ARM.Build.0 = Release|Any CPU
		{B445DF73-AC9E-4276-9FBA-7CB5AD5D2518}.AppStore|iPhone.ActiveCfg = Release|Any CPU
		{B445DF73-AC9E-4276-9FBA-7CB5AD5D2518}.AppStore|iPhone.Build.0 = Release|Any CPU
		{B445DF73-AC9E-4276-9FBA-7CB5AD5D2518}.AppStore|iPhoneSimulator.ActiveCfg = Release|Any CPU
		{B445DF73-AC9E-4276-9FBA-7CB5AD5D2518}.AppStore|iPhoneSimulator.Build.0 = Release|Any CPU
		{B445DF73-AC9E-4276-9FBA-7CB5AD5D2518}.AppStore|x64.ActiveCfg = Release|Any CPU
		{B445DF73-AC9E-4276-9FBA-7CB5AD5D2518}.AppStore|x64.Build.0 = Release|Any CPU
		{B445DF73-AC9E-4276-9FBA-7CB5AD5D2518}.AppStore|x86.ActiveCfg = Release|Any CPU
		{B445DF73-AC9E-4276-9FBA-7CB5AD5D2518}.AppStore|x86.Build.0 = Release|Any CPU
		{B445DF73-AC9E-4276-9FBA-7CB5AD5D2518}.Debug|Any CPU.ActiveCfg = Debug|Any CPU
		{B445DF73-AC9E-4276-9FBA-7CB5AD5D2518}.Debug|Any CPU.Build.0 = Debug|Any CPU
		{B445DF73-AC9E-4276-9FBA-7CB5AD5D2518}.Debug|ARM.ActiveCfg = Debug|Any CPU
		{B445DF73-AC9E-4276-9FBA-7CB5AD5D2518}.Debug|ARM.Build.0 = Debug|Any CPU
		{B445DF73-AC9E-4276-9FBA-7CB5AD5D2518}.Debug|iPhone.ActiveCfg = Debug|Any CPU
		{B445DF73-AC9E-4276-9FBA-7CB5AD5D2518}.Debug|iPhone.Build.0 = Debug|Any CPU
		{B445DF73-AC9E-4276-9FBA-7CB5AD5D2518}.Debug|iPhoneSimulator.ActiveCfg = Debug|Any CPU
		{B445DF73-AC9E-4276-9FBA-7CB5AD5D2518}.Debug|iPhoneSimulator.Build.0 = Debug|Any CPU
		{B445DF73-AC9E-4276-9FBA-7CB5AD5D2518}.Debug|x64.ActiveCfg = Debug|Any CPU
		{B445DF73-AC9E-4276-9FBA-7CB5AD5D2518}.Debug|x64.Build.0 = Debug|Any CPU
		{B445DF73-AC9E-4276-9FBA-7CB5AD5D2518}.Debug|x86.ActiveCfg = Debug|Any CPU
		{B445DF73-AC9E-4276-9FBA-7CB5AD5D2518}.Debug|x86.Build.0 = Debug|Any CPU
		{B445DF73-AC9E-4276-9FBA-7CB5AD5D2518}.Release|Any CPU.ActiveCfg = Release|Any CPU
		{B445DF73-AC9E-4276-9FBA-7CB5AD5D2518}.Release|Any CPU.Build.0 = Release|Any CPU
		{B445DF73-AC9E-4276-9FBA-7CB5AD5D2518}.Release|ARM.ActiveCfg = Release|Any CPU
		{B445DF73-AC9E-4276-9FBA-7CB5AD5D2518}.Release|ARM.Build.0 = Release|Any CPU
		{B445DF73-AC9E-4276-9FBA-7CB5AD5D2518}.Release|iPhone.ActiveCfg = Release|Any CPU
		{B445DF73-AC9E-4276-9FBA-7CB5AD5D2518}.Release|iPhone.Build.0 = Release|Any CPU
		{B445DF73-AC9E-4276-9FBA-7CB5AD5D2518}.Release|iPhoneSimulator.ActiveCfg = Release|Any CPU
		{B445DF73-AC9E-4276-9FBA-7CB5AD5D2518}.Release|iPhoneSimulator.Build.0 = Release|Any CPU
		{B445DF73-AC9E-4276-9FBA-7CB5AD5D2518}.Release|x64.ActiveCfg = Release|Any CPU
		{B445DF73-AC9E-4276-9FBA-7CB5AD5D2518}.Release|x64.Build.0 = Release|Any CPU
		{B445DF73-AC9E-4276-9FBA-7CB5AD5D2518}.Release|x86.ActiveCfg = Release|Any CPU
		{B445DF73-AC9E-4276-9FBA-7CB5AD5D2518}.Release|x86.Build.0 = Release|Any CPU
	EndGlobalSection
	GlobalSection(SolutionProperties) = preSolution
		HideSolutionNode = FALSE
	EndGlobalSection
	GlobalSection(ExtensibilityGlobals) = postSolution
		SolutionGuid = {F6D05029-56B8-4E45-AF2D-0E76295DDBA2}
	EndGlobalSection
EndGlobal
