
Microsoft Visual Studio Solution File, Format Version 12.00
# Visual Studio 15
VisualStudioVersion = 15.0.27428.2027
MinimumVisualStudioVersion = 10.0.40219.1
Project("{9A19103F-16F7-4668-BE54-9A1E7A4F7556}") = "GameOfLife.API", "GameOfLife.API\GameOfLife.API.csproj", "{CDC089FD-0582-4126-A93F-559880130359}"
EndProject
Project("{9A19103F-16F7-4668-BE54-9A1E7A4F7556}") = "GameOfLife.GOF", "GameOfLife.GOF\GameOfLife.GOF.csproj", "{E7CAE0C6-A0E5-480B-880C-68E9CFBCEECF}"
EndProject
Project("{9A19103F-16F7-4668-BE54-9A1E7A4F7556}") = "GameOfLife.Test", "GameOfLife.Test\GameOfLife.Test.csproj", "{5B8B5AF5-7346-4A13-8269-CCA15EBE2A4E}"
EndProject
Project("{9A19103F-16F7-4668-BE54-9A1E7A4F7556}") = "GameOfLife.DAL", "GameOfLife.DAL\GameOfLife.DAL.csproj", "{643EE2CE-2796-4686-A8E4-D0BE674B24D3}"
EndProject
Project("{FAE04EC0-301F-11D3-BF4B-00C04F79EFBC}") = "GameOfLife.Client", "GameOfLife.Client\GameOfLife.Client.csproj", "{63B1B5A6-708B-4570-B874-FA1516AE3218}"
EndProject
Global
	GlobalSection(SolutionConfigurationPlatforms) = preSolution
		Debug|Any CPU = Debug|Any CPU
		Debug|ARM = Debug|ARM
		Debug|x64 = Debug|x64
		Debug|x86 = Debug|x86
		Release|Any CPU = Release|Any CPU
		Release|ARM = Release|ARM
		Release|x64 = Release|x64
		Release|x86 = Release|x86
	EndGlobalSection
	GlobalSection(ProjectConfigurationPlatforms) = postSolution
		{CDC089FD-0582-4126-A93F-559880130359}.Debug|Any CPU.ActiveCfg = Debug|Any CPU
		{CDC089FD-0582-4126-A93F-559880130359}.Debug|Any CPU.Build.0 = Debug|Any CPU
		{CDC089FD-0582-4126-A93F-559880130359}.Debug|ARM.ActiveCfg = Debug|Any CPU
		{CDC089FD-0582-4126-A93F-559880130359}.Debug|ARM.Build.0 = Debug|Any CPU
		{CDC089FD-0582-4126-A93F-559880130359}.Debug|x64.ActiveCfg = Debug|Any CPU
		{CDC089FD-0582-4126-A93F-559880130359}.Debug|x64.Build.0 = Debug|Any CPU
		{CDC089FD-0582-4126-A93F-559880130359}.Debug|x86.ActiveCfg = Debug|Any CPU
		{CDC089FD-0582-4126-A93F-559880130359}.Debug|x86.Build.0 = Debug|Any CPU
		{CDC089FD-0582-4126-A93F-559880130359}.Release|Any CPU.ActiveCfg = Release|Any CPU
		{CDC089FD-0582-4126-A93F-559880130359}.Release|Any CPU.Build.0 = Release|Any CPU
		{CDC089FD-0582-4126-A93F-559880130359}.Release|ARM.ActiveCfg = Release|Any CPU
		{CDC089FD-0582-4126-A93F-559880130359}.Release|ARM.Build.0 = Release|Any CPU
		{CDC089FD-0582-4126-A93F-559880130359}.Release|x64.ActiveCfg = Release|Any CPU
		{CDC089FD-0582-4126-A93F-559880130359}.Release|x64.Build.0 = Release|Any CPU
		{CDC089FD-0582-4126-A93F-559880130359}.Release|x86.ActiveCfg = Release|Any CPU
		{CDC089FD-0582-4126-A93F-559880130359}.Release|x86.Build.0 = Release|Any CPU
		{E7CAE0C6-A0E5-480B-880C-68E9CFBCEECF}.Debug|Any CPU.ActiveCfg = Debug|Any CPU
		{E7CAE0C6-A0E5-480B-880C-68E9CFBCEECF}.Debug|Any CPU.Build.0 = Debug|Any CPU
		{E7CAE0C6-A0E5-480B-880C-68E9CFBCEECF}.Debug|ARM.ActiveCfg = Debug|Any CPU
		{E7CAE0C6-A0E5-480B-880C-68E9CFBCEECF}.Debug|ARM.Build.0 = Debug|Any CPU
		{E7CAE0C6-A0E5-480B-880C-68E9CFBCEECF}.Debug|x64.ActiveCfg = Debug|Any CPU
		{E7CAE0C6-A0E5-480B-880C-68E9CFBCEECF}.Debug|x64.Build.0 = Debug|Any CPU
		{E7CAE0C6-A0E5-480B-880C-68E9CFBCEECF}.Debug|x86.ActiveCfg = Debug|Any CPU
		{E7CAE0C6-A0E5-480B-880C-68E9CFBCEECF}.Debug|x86.Build.0 = Debug|Any CPU
		{E7CAE0C6-A0E5-480B-880C-68E9CFBCEECF}.Release|Any CPU.ActiveCfg = Release|Any CPU
		{E7CAE0C6-A0E5-480B-880C-68E9CFBCEECF}.Release|Any CPU.Build.0 = Release|Any CPU
		{E7CAE0C6-A0E5-480B-880C-68E9CFBCEECF}.Release|ARM.ActiveCfg = Release|Any CPU
		{E7CAE0C6-A0E5-480B-880C-68E9CFBCEECF}.Release|ARM.Build.0 = Release|Any CPU
		{E7CAE0C6-A0E5-480B-880C-68E9CFBCEECF}.Release|x64.ActiveCfg = Release|Any CPU
		{E7CAE0C6-A0E5-480B-880C-68E9CFBCEECF}.Release|x64.Build.0 = Release|Any CPU
		{E7CAE0C6-A0E5-480B-880C-68E9CFBCEECF}.Release|x86.ActiveCfg = Release|Any CPU
		{E7CAE0C6-A0E5-480B-880C-68E9CFBCEECF}.Release|x86.Build.0 = Release|Any CPU
		{5B8B5AF5-7346-4A13-8269-CCA15EBE2A4E}.Debug|Any CPU.ActiveCfg = Debug|Any CPU
		{5B8B5AF5-7346-4A13-8269-CCA15EBE2A4E}.Debug|Any CPU.Build.0 = Debug|Any CPU
		{5B8B5AF5-7346-4A13-8269-CCA15EBE2A4E}.Debug|ARM.ActiveCfg = Debug|Any CPU
		{5B8B5AF5-7346-4A13-8269-CCA15EBE2A4E}.Debug|ARM.Build.0 = Debug|Any CPU
		{5B8B5AF5-7346-4A13-8269-CCA15EBE2A4E}.Debug|x64.ActiveCfg = Debug|Any CPU
		{5B8B5AF5-7346-4A13-8269-CCA15EBE2A4E}.Debug|x64.Build.0 = Debug|Any CPU
		{5B8B5AF5-7346-4A13-8269-CCA15EBE2A4E}.Debug|x86.ActiveCfg = Debug|Any CPU
		{5B8B5AF5-7346-4A13-8269-CCA15EBE2A4E}.Debug|x86.Build.0 = Debug|Any CPU
		{5B8B5AF5-7346-4A13-8269-CCA15EBE2A4E}.Release|Any CPU.ActiveCfg = Release|Any CPU
		{5B8B5AF5-7346-4A13-8269-CCA15EBE2A4E}.Release|Any CPU.Build.0 = Release|Any CPU
		{5B8B5AF5-7346-4A13-8269-CCA15EBE2A4E}.Release|ARM.ActiveCfg = Release|Any CPU
		{5B8B5AF5-7346-4A13-8269-CCA15EBE2A4E}.Release|ARM.Build.0 = Release|Any CPU
		{5B8B5AF5-7346-4A13-8269-CCA15EBE2A4E}.Release|x64.ActiveCfg = Release|Any CPU
		{5B8B5AF5-7346-4A13-8269-CCA15EBE2A4E}.Release|x64.Build.0 = Release|Any CPU
		{5B8B5AF5-7346-4A13-8269-CCA15EBE2A4E}.Release|x86.ActiveCfg = Release|Any CPU
		{5B8B5AF5-7346-4A13-8269-CCA15EBE2A4E}.Release|x86.Build.0 = Release|Any CPU
		{643EE2CE-2796-4686-A8E4-D0BE674B24D3}.Debug|Any CPU.ActiveCfg = Debug|Any CPU
		{643EE2CE-2796-4686-A8E4-D0BE674B24D3}.Debug|Any CPU.Build.0 = Debug|Any CPU
		{643EE2CE-2796-4686-A8E4-D0BE674B24D3}.Debug|ARM.ActiveCfg = Debug|Any CPU
		{643EE2CE-2796-4686-A8E4-D0BE674B24D3}.Debug|ARM.Build.0 = Debug|Any CPU
		{643EE2CE-2796-4686-A8E4-D0BE674B24D3}.Debug|x64.ActiveCfg = Debug|Any CPU
		{643EE2CE-2796-4686-A8E4-D0BE674B24D3}.Debug|x64.Build.0 = Debug|Any CPU
		{643EE2CE-2796-4686-A8E4-D0BE674B24D3}.Debug|x86.ActiveCfg = Debug|Any CPU
		{643EE2CE-2796-4686-A8E4-D0BE674B24D3}.Debug|x86.Build.0 = Debug|Any CPU
		{643EE2CE-2796-4686-A8E4-D0BE674B24D3}.Release|Any CPU.ActiveCfg = Release|Any CPU
		{643EE2CE-2796-4686-A8E4-D0BE674B24D3}.Release|Any CPU.Build.0 = Release|Any CPU
		{643EE2CE-2796-4686-A8E4-D0BE674B24D3}.Release|ARM.ActiveCfg = Release|Any CPU
		{643EE2CE-2796-4686-A8E4-D0BE674B24D3}.Release|ARM.Build.0 = Release|Any CPU
		{643EE2CE-2796-4686-A8E4-D0BE674B24D3}.Release|x64.ActiveCfg = Release|Any CPU
		{643EE2CE-2796-4686-A8E4-D0BE674B24D3}.Release|x64.Build.0 = Release|Any CPU
		{643EE2CE-2796-4686-A8E4-D0BE674B24D3}.Release|x86.ActiveCfg = Release|Any CPU
		{643EE2CE-2796-4686-A8E4-D0BE674B24D3}.Release|x86.Build.0 = Release|Any CPU
		{63B1B5A6-708B-4570-B874-FA1516AE3218}.Debug|Any CPU.ActiveCfg = Debug|x86
		{63B1B5A6-708B-4570-B874-FA1516AE3218}.Debug|Any CPU.Build.0 = Debug|x86
		{63B1B5A6-708B-4570-B874-FA1516AE3218}.Debug|Any CPU.Deploy.0 = Debug|x86
		{63B1B5A6-708B-4570-B874-FA1516AE3218}.Debug|ARM.ActiveCfg = Debug|ARM
		{63B1B5A6-708B-4570-B874-FA1516AE3218}.Debug|ARM.Build.0 = Debug|ARM
		{63B1B5A6-708B-4570-B874-FA1516AE3218}.Debug|ARM.Deploy.0 = Debug|ARM
		{63B1B5A6-708B-4570-B874-FA1516AE3218}.Debug|x64.ActiveCfg = Debug|x64
		{63B1B5A6-708B-4570-B874-FA1516AE3218}.Debug|x64.Build.0 = Debug|x64
		{63B1B5A6-708B-4570-B874-FA1516AE3218}.Debug|x64.Deploy.0 = Debug|x64
		{63B1B5A6-708B-4570-B874-FA1516AE3218}.Debug|x86.ActiveCfg = Debug|x86
		{63B1B5A6-708B-4570-B874-FA1516AE3218}.Debug|x86.Build.0 = Debug|x86
		{63B1B5A6-708B-4570-B874-FA1516AE3218}.Debug|x86.Deploy.0 = Debug|x86
		{63B1B5A6-708B-4570-B874-FA1516AE3218}.Release|Any CPU.ActiveCfg = Release|x86
		{63B1B5A6-708B-4570-B874-FA1516AE3218}.Release|ARM.ActiveCfg = Release|ARM
		{63B1B5A6-708B-4570-B874-FA1516AE3218}.Release|ARM.Build.0 = Release|ARM
		{63B1B5A6-708B-4570-B874-FA1516AE3218}.Release|ARM.Deploy.0 = Release|ARM
		{63B1B5A6-708B-4570-B874-FA1516AE3218}.Release|x64.ActiveCfg = Release|x64
		{63B1B5A6-708B-4570-B874-FA1516AE3218}.Release|x64.Build.0 = Release|x64
		{63B1B5A6-708B-4570-B874-FA1516AE3218}.Release|x64.Deploy.0 = Release|x64
		{63B1B5A6-708B-4570-B874-FA1516AE3218}.Release|x86.ActiveCfg = Release|x86
		{63B1B5A6-708B-4570-B874-FA1516AE3218}.Release|x86.Build.0 = Release|x86
		{63B1B5A6-708B-4570-B874-FA1516AE3218}.Release|x86.Deploy.0 = Release|x86
	EndGlobalSection
	GlobalSection(SolutionProperties) = preSolution
		HideSolutionNode = FALSE
	EndGlobalSection
	GlobalSection(ExtensibilityGlobals) = postSolution
		SolutionGuid = {B506EA8C-2848-4141-A346-A93E18B0FBC7}
	EndGlobalSection
EndGlobal
